
Microsoft Visual Studio Solution File, Format Version 12.00
# Visual Studio Version 17
VisualStudioVersion = 17.10.35013.160
MinimumVisualStudioVersion = 10.0.40219.1
Project("{FAE04EC0-301F-11D3-BF4B-00C04F79EFBC}") = "ConsoleUI", "ConsoleUI\ConsoleUI.csproj", "{A3D6B25B-6711-4289-9175-1E2DE5FC5D1A}"
EndProject
Project("{FAE04EC0-301F-11D3-BF4B-00C04F79EFBC}") = "DemoLibrary", "DemoLibrary\DemoLibrary.csproj", "{4AD1A2AC-C5A3-4808-931B-61BB259B447C}"
EndProject
Global
	GlobalSection(SolutionConfigurationPlatforms) = preSolution
		Debug|Any CPU = Debug|Any CPU
		Release|Any CPU = Release|Any CPU
	EndGlobalSection
	GlobalSection(ProjectConfigurationPlatforms) = postSolution
		{A3D6B25B-6711-4289-9175-1E2DE5FC5D1A}.Debug|Any CPU.ActiveCfg = Debug|Any CPU
		{A3D6B25B-6711-4289-9175-1E2DE5FC5D1A}.Debug|Any CPU.Build.0 = Debug|Any CPU
		{A3D6B25B-6711-4289-9175-1E2DE5FC5D1A}.Release|Any CPU.ActiveCfg = Release|Any CPU
		{A3D6B25B-6711-4289-9175-1E2DE5FC5D1A}.Release|Any CPU.Build.0 = Release|Any CPU
		{4AD1A2AC-C5A3-4808-931B-61BB259B447C}.Debug|Any CPU.ActiveCfg = Debug|Any CPU
		{4AD1A2AC-C5A3-4808-931B-61BB259B447C}.Debug|Any CPU.Build.0 = Debug|Any CPU
		{4AD1A2AC-C5A3-4808-931B-61BB259B447C}.Release|Any CPU.ActiveCfg = Release|Any CPU
		{4AD1A2AC-C5A3-4808-931B-61BB259B447C}.Release|Any CPU.Build.0 = Release|Any CPU
	EndGlobalSection
	GlobalSection(SolutionProperties) = preSolution
		HideSolutionNode = FALSE
	EndGlobalSection
	GlobalSection(ExtensibilityGlobals) = postSolution
		SolutionGuid = {59DB6536-D412-4705-B099-27E453AF43E9}
	EndGlobalSection
EndGlobal
